// !$*UTF8*$!
{
	archiveVersion = 1;
	classes = {
	};
	objectVersion = 50;
	objects = {

/* Begin PBXBuildFile section */
		46BF022B2117D59500A24DE5 /* AppDelegate.swift in Sources */ = {isa = PBXBuildFile; fileRef = 46BF022A2117D59500A24DE5 /* AppDelegate.swift */; };
		46BF02302117D59500A24DE5 /* Main.storyboard in Resources */ = {isa = PBXBuildFile; fileRef = 46BF022E2117D59500A24DE5 /* Main.storyboard */; };
		46BF02322117D59700A24DE5 /* Assets.xcassets in Resources */ = {isa = PBXBuildFile; fileRef = 46BF02312117D59700A24DE5 /* Assets.xcassets */; };
		46BF02352117D59700A24DE5 /* LaunchScreen.storyboard in Resources */ = {isa = PBXBuildFile; fileRef = 46BF02332117D59700A24DE5 /* LaunchScreen.storyboard */; };
		46BF023F2117D8FB00A24DE5 /* SearchResult.swift in Sources */ = {isa = PBXBuildFile; fileRef = 46BF023E2117D8FB00A24DE5 /* SearchResult.swift */; };
		46BF02412117DC5200A24DE5 /* SearchResultController.swift in Sources */ = {isa = PBXBuildFile; fileRef = 46BF02402117DC5200A24DE5 /* SearchResultController.swift */; };
		46BF02432117E01600A24DE5 /* ItunesSearchTableViewController.swift in Sources */ = {isa = PBXBuildFile; fileRef = 46BF02422117E01600A24DE5 /* ItunesSearchTableViewController.swift */; };
		46BF02452117E36400A24DE5 /* ResultType.swift in Sources */ = {isa = PBXBuildFile; fileRef = 46BF02442117E36400A24DE5 /* ResultType.swift */; };
		46BF02472117E37000A24DE5 /* HTTPMethod.swift in Sources */ = {isa = PBXBuildFile; fileRef = 46BF02462117E36F00A24DE5 /* HTTPMethod.swift */; };
/* End PBXBuildFile section */

/* Begin PBXFileReference section */
		46BF02272117D59500A24DE5 /* iTunes Search.app */ = {isa = PBXFileReference; explicitFileType = wrapper.application; includeInIndex = 0; path = "iTunes Search.app"; sourceTree = BUILT_PRODUCTS_DIR; };
		46BF022A2117D59500A24DE5 /* AppDelegate.swift */ = {isa = PBXFileReference; lastKnownFileType = sourcecode.swift; path = AppDelegate.swift; sourceTree = "<group>"; };
		46BF022F2117D59500A24DE5 /* Base */ = {isa = PBXFileReference; lastKnownFileType = file.storyboard; name = Base; path = Base.lproj/Main.storyboard; sourceTree = "<group>"; };
		46BF02312117D59700A24DE5 /* Assets.xcassets */ = {isa = PBXFileReference; lastKnownFileType = folder.assetcatalog; path = Assets.xcassets; sourceTree = "<group>"; };
		46BF02342117D59700A24DE5 /* Base */ = {isa = PBXFileReference; lastKnownFileType = file.storyboard; name = Base; path = Base.lproj/LaunchScreen.storyboard; sourceTree = "<group>"; };
		46BF02362117D59700A24DE5 /* Info.plist */ = {isa = PBXFileReference; lastKnownFileType = text.plist.xml; path = Info.plist; sourceTree = "<group>"; };
		46BF023E2117D8FB00A24DE5 /* SearchResult.swift */ = {isa = PBXFileReference; lastKnownFileType = sourcecode.swift; path = SearchResult.swift; sourceTree = "<group>"; };
		46BF02402117DC5200A24DE5 /* SearchResultController.swift */ = {isa = PBXFileReference; lastKnownFileType = sourcecode.swift; path = SearchResultController.swift; sourceTree = "<group>"; };
		46BF02422117E01600A24DE5 /* ItunesSearchTableViewController.swift */ = {isa = PBXFileReference; lastKnownFileType = sourcecode.swift; path = ItunesSearchTableViewController.swift; sourceTree = "<group>"; };
		46BF02442117E36400A24DE5 /* ResultType.swift */ = {isa = PBXFileReference; lastKnownFileType = sourcecode.swift; path = ResultType.swift; sourceTree = "<group>"; };
		46BF02462117E36F00A24DE5 /* HTTPMethod.swift */ = {isa = PBXFileReference; lastKnownFileType = sourcecode.swift; path = HTTPMethod.swift; sourceTree = "<group>"; };
/* End PBXFileReference section */

/* Begin PBXFrameworksBuildPhase section */
		46BF02242117D59500A24DE5 /* Frameworks */ = {
			isa = PBXFrameworksBuildPhase;
			buildActionMask = 2147483647;
			files = (
			);
			runOnlyForDeploymentPostprocessing = 0;
		};
/* End PBXFrameworksBuildPhase section */

/* Begin PBXGroup section */
		46BF021E2117D59500A24DE5 = {
			isa = PBXGroup;
			children = (
				46BF02292117D59500A24DE5 /* iTunes Search */,
				46BF02282117D59500A24DE5 /* Products */,
			);
			sourceTree = "<group>";
		};
		46BF02282117D59500A24DE5 /* Products */ = {
			isa = PBXGroup;
			children = (
				46BF02272117D59500A24DE5 /* iTunes Search.app */,
			);
			name = Products;
			sourceTree = "<group>";
		};
		46BF02292117D59500A24DE5 /* iTunes Search */ = {
			isa = PBXGroup;
			children = (
				46BF024A2117E4E400A24DE5 /* Models */,
				46BF024C2117E4F400A24DE5 /* Model Controllers */,
				46BF02492117E4DF00A24DE5 /* View Controllers */,
				46BF024B2117E4EC00A24DE5 /* Storyboards */,
				46BF02482117E4D700A24DE5 /* Resources */,
			);
			path = "iTunes Search";
			sourceTree = "<group>";
		};
		46BF02482117E4D700A24DE5 /* Resources */ = {
			isa = PBXGroup;
			children = (
				46BF02442117E36400A24DE5 /* ResultType.swift */,
				46BF02462117E36F00A24DE5 /* HTTPMethod.swift */,
				46BF022A2117D59500A24DE5 /* AppDelegate.swift */,
				46BF02312117D59700A24DE5 /* Assets.xcassets */,
				46BF02362117D59700A24DE5 /* Info.plist */,
			);
			path = Resources;
			sourceTree = "<group>";
		};
		46BF02492117E4DF00A24DE5 /* View Controllers */ = {
			isa = PBXGroup;
			children = (
				46BF02422117E01600A24DE5 /* ItunesSearchTableViewController.swift */,
			);
			path = "View Controllers";
			sourceTree = "<group>";
		};
		46BF024A2117E4E400A24DE5 /* Models */ = {
			isa = PBXGroup;
			children = (
				46BF023E2117D8FB00A24DE5 /* SearchResult.swift */,
			);
			path = Models;
			sourceTree = "<group>";
		};
		46BF024B2117E4EC00A24DE5 /* Storyboards */ = {
			isa = PBXGroup;
			children = (
				46BF022E2117D59500A24DE5 /* Main.storyboard */,
				46BF02332117D59700A24DE5 /* LaunchScreen.storyboard */,
			);
			path = Storyboards;
			sourceTree = "<group>";
		};
		46BF024C2117E4F400A24DE5 /* Model Controllers */ = {
			isa = PBXGroup;
			children = (
				46BF02402117DC5200A24DE5 /* SearchResultController.swift */,
			);
			path = "Model Controllers";
			sourceTree = "<group>";
		};
/* End PBXGroup section */

/* Begin PBXNativeTarget section */
		46BF02262117D59500A24DE5 /* iTunes Search */ = {
			isa = PBXNativeTarget;
			buildConfigurationList = 46BF02392117D59700A24DE5 /* Build configuration list for PBXNativeTarget "iTunes Search" */;
			buildPhases = (
				46BF02232117D59500A24DE5 /* Sources */,
				46BF02242117D59500A24DE5 /* Frameworks */,
				46BF02252117D59500A24DE5 /* Resources */,
			);
			buildRules = (
			);
			dependencies = (
			);
			name = "iTunes Search";
			productName = "iTunes Search";
			productReference = 46BF02272117D59500A24DE5 /* iTunes Search.app */;
			productType = "com.apple.product-type.application";
		};
/* End PBXNativeTarget section */

/* Begin PBXProject section */
		46BF021F2117D59500A24DE5 /* Project object */ = {
			isa = PBXProject;
			attributes = {
				LastSwiftUpdateCheck = 0940;
				LastUpgradeCheck = 0940;
				ORGANIZATIONNAME = "Lambda School";
				TargetAttributes = {
					46BF02262117D59500A24DE5 = {
						CreatedOnToolsVersion = 9.4.1;
					};
				};
			};
			buildConfigurationList = 46BF02222117D59500A24DE5 /* Build configuration list for PBXProject "iTunes Search" */;
			compatibilityVersion = "Xcode 9.3";
			developmentRegion = en;
			hasScannedForEncodings = 0;
			knownRegions = (
				en,
				Base,
			);
			mainGroup = 46BF021E2117D59500A24DE5;
			productRefGroup = 46BF02282117D59500A24DE5 /* Products */;
			projectDirPath = "";
			projectRoot = "";
			targets = (
				46BF02262117D59500A24DE5 /* iTunes Search */,
			);
		};
/* End PBXProject section */

/* Begin PBXResourcesBuildPhase section */
		46BF02252117D59500A24DE5 /* Resources */ = {
			isa = PBXResourcesBuildPhase;
			buildActionMask = 2147483647;
			files = (
				46BF02352117D59700A24DE5 /* LaunchScreen.storyboard in Resources */,
				46BF02322117D59700A24DE5 /* Assets.xcassets in Resources */,
				46BF02302117D59500A24DE5 /* Main.storyboard in Resources */,
			);
			runOnlyForDeploymentPostprocessing = 0;
		};
/* End PBXResourcesBuildPhase section */

/* Begin PBXSourcesBuildPhase section */
		46BF02232117D59500A24DE5 /* Sources */ = {
			isa = PBXSourcesBuildPhase;
			buildActionMask = 2147483647;
			files = (
				46BF02452117E36400A24DE5 /* ResultType.swift in Sources */,
				46BF02412117DC5200A24DE5 /* SearchResultController.swift in Sources */,
				46BF02472117E37000A24DE5 /* HTTPMethod.swift in Sources */,
				46BF02432117E01600A24DE5 /* ItunesSearchTableViewController.swift in Sources */,
				46BF023F2117D8FB00A24DE5 /* SearchResult.swift in Sources */,
				46BF022B2117D59500A24DE5 /* AppDelegate.swift in Sources */,
			);
			runOnlyForDeploymentPostprocessing = 0;
		};
/* End PBXSourcesBuildPhase section */

/* Begin PBXVariantGroup section */
		46BF022E2117D59500A24DE5 /* Main.storyboard */ = {
			isa = PBXVariantGroup;
			children = (
				46BF022F2117D59500A24DE5 /* Base */,
			);
			name = Main.storyboard;
			sourceTree = "<group>";
		};
		46BF02332117D59700A24DE5 /* LaunchScreen.storyboard */ = {
			isa = PBXVariantGroup;
			children = (
				46BF02342117D59700A24DE5 /* Base */,
			);
			name = LaunchScreen.storyboard;
			sourceTree = "<group>";
		};
/* End PBXVariantGroup section */

/* Begin XCBuildConfiguration section */
		46BF02372117D59700A24DE5 /* Debug */ = {
			isa = XCBuildConfiguration;
			buildSettings = {
				ALWAYS_SEARCH_USER_PATHS = NO;
				CLANG_ANALYZER_NONNULL = YES;
				CLANG_ANALYZER_NUMBER_OBJECT_CONVERSION = YES_AGGRESSIVE;
				CLANG_CXX_LANGUAGE_STANDARD = "gnu++14";
				CLANG_CXX_LIBRARY = "libc++";
				CLANG_ENABLE_MODULES = YES;
				CLANG_ENABLE_OBJC_ARC = YES;
				CLANG_ENABLE_OBJC_WEAK = YES;
				CLANG_WARN_BLOCK_CAPTURE_AUTORELEASING = YES;
				CLANG_WARN_BOOL_CONVERSION = YES;
				CLANG_WARN_COMMA = YES;
				CLANG_WARN_CONSTANT_CONVERSION = YES;
				CLANG_WARN_DEPRECATED_OBJC_IMPLEMENTATIONS = YES;
				CLANG_WARN_DIRECT_OBJC_ISA_USAGE = YES_ERROR;
				CLANG_WARN_DOCUMENTATION_COMMENTS = YES;
				CLANG_WARN_EMPTY_BODY = YES;
				CLANG_WARN_ENUM_CONVERSION = YES;
				CLANG_WARN_INFINITE_RECURSION = YES;
				CLANG_WARN_INT_CONVERSION = YES;
				CLANG_WARN_NON_LITERAL_NULL_CONVERSION = YES;
				CLANG_WARN_OBJC_IMPLICIT_RETAIN_SELF = YES;
				CLANG_WARN_OBJC_LITERAL_CONVERSION = YES;
				CLANG_WARN_OBJC_ROOT_CLASS = YES_ERROR;
				CLANG_WARN_RANGE_LOOP_ANALYSIS = YES;
				CLANG_WARN_STRICT_PROTOTYPES = YES;
				CLANG_WARN_SUSPICIOUS_MOVE = YES;
				CLANG_WARN_UNGUARDED_AVAILABILITY = YES_AGGRESSIVE;
				CLANG_WARN_UNREACHABLE_CODE = YES;
				CLANG_WARN__DUPLICATE_METHOD_MATCH = YES;
				CODE_SIGN_IDENTITY = "iPhone Developer";
				COPY_PHASE_STRIP = NO;
				DEBUG_INFORMATION_FORMAT = dwarf;
				ENABLE_STRICT_OBJC_MSGSEND = YES;
				ENABLE_TESTABILITY = YES;
				GCC_C_LANGUAGE_STANDARD = gnu11;
				GCC_DYNAMIC_NO_PIC = NO;
				GCC_NO_COMMON_BLOCKS = YES;
				GCC_OPTIMIZATION_LEVEL = 0;
				GCC_PREPROCESSOR_DEFINITIONS = (
					"DEBUG=1",
					"$(inherited)",
				);
				GCC_WARN_64_TO_32_BIT_CONVERSION = YES;
				GCC_WARN_ABOUT_RETURN_TYPE = YES_ERROR;
				GCC_WARN_UNDECLARED_SELECTOR = YES;
				GCC_WARN_UNINITIALIZED_AUTOS = YES_AGGRESSIVE;
				GCC_WARN_UNUSED_FUNCTION = YES;
				GCC_WARN_UNUSED_VARIABLE = YES;
				IPHONEOS_DEPLOYMENT_TARGET = 11.4;
				MTL_ENABLE_DEBUG_INFO = YES;
				ONLY_ACTIVE_ARCH = YES;
				SDKROOT = iphoneos;
				SWIFT_ACTIVE_COMPILATION_CONDITIONS = DEBUG;
				SWIFT_OPTIMIZATION_LEVEL = "-Onone";
			};
			name = Debug;
		};
		46BF02382117D59700A24DE5 /* Release */ = {
			isa = XCBuildConfiguration;
			buildSettings = {
				ALWAYS_SEARCH_USER_PATHS = NO;
				CLANG_ANALYZER_NONNULL = YES;
				CLANG_ANALYZER_NUMBER_OBJECT_CONVERSION = YES_AGGRESSIVE;
				CLANG_CXX_LANGUAGE_STANDARD = "gnu++14";
				CLANG_CXX_LIBRARY = "libc++";
				CLANG_ENABLE_MODULES = YES;
				CLANG_ENABLE_OBJC_ARC = YES;
				CLANG_ENABLE_OBJC_WEAK = YES;
				CLANG_WARN_BLOCK_CAPTURE_AUTORELEASING = YES;
				CLANG_WARN_BOOL_CONVERSION = YES;
				CLANG_WARN_COMMA = YES;
				CLANG_WARN_CONSTANT_CONVERSION = YES;
				CLANG_WARN_DEPRECATED_OBJC_IMPLEMENTATIONS = YES;
				CLANG_WARN_DIRECT_OBJC_ISA_USAGE = YES_ERROR;
				CLANG_WARN_DOCUMENTATION_COMMENTS = YES;
				CLANG_WARN_EMPTY_BODY = YES;
				CLANG_WARN_ENUM_CONVERSION = YES;
				CLANG_WARN_INFINITE_RECURSION = YES;
				CLANG_WARN_INT_CONVERSION = YES;
				CLANG_WARN_NON_LITERAL_NULL_CONVERSION = YES;
				CLANG_WARN_OBJC_IMPLICIT_RETAIN_SELF = YES;
				CLANG_WARN_OBJC_LITERAL_CONVERSION = YES;
				CLANG_WARN_OBJC_ROOT_CLASS = YES_ERROR;
				CLANG_WARN_RANGE_LOOP_ANALYSIS = YES;
				CLANG_WARN_STRICT_PROTOTYPES = YES;
				CLANG_WARN_SUSPICIOUS_MOVE = YES;
				CLANG_WARN_UNGUARDED_AVAILABILITY = YES_AGGRESSIVE;
				CLANG_WARN_UNREACHABLE_CODE = YES;
				CLANG_WARN__DUPLICATE_METHOD_MATCH = YES;
				CODE_SIGN_IDENTITY = "iPhone Developer";
				COPY_PHASE_STRIP = NO;
				DEBUG_INFORMATION_FORMAT = "dwarf-with-dsym";
				ENABLE_NS_ASSERTIONS = NO;
				ENABLE_STRICT_OBJC_MSGSEND = YES;
				GCC_C_LANGUAGE_STANDARD = gnu11;
				GCC_NO_COMMON_BLOCKS = YES;
				GCC_WARN_64_TO_32_BIT_CONVERSION = YES;
				GCC_WARN_ABOUT_RETURN_TYPE = YES_ERROR;
				GCC_WARN_UNDECLARED_SELECTOR = YES;
				GCC_WARN_UNINITIALIZED_AUTOS = YES_AGGRESSIVE;
				GCC_WARN_UNUSED_FUNCTION = YES;
				GCC_WARN_UNUSED_VARIABLE = YES;
				IPHONEOS_DEPLOYMENT_TARGET = 11.4;
				MTL_ENABLE_DEBUG_INFO = NO;
				SDKROOT = iphoneos;
				SWIFT_COMPILATION_MODE = wholemodule;
				SWIFT_OPTIMIZATION_LEVEL = "-O";
				VALIDATE_PRODUCT = YES;
			};
			name = Release;
		};
		46BF023A2117D59700A24DE5 /* Debug */ = {
			isa = XCBuildConfiguration;
			buildSettings = {
				ASSETCATALOG_COMPILER_APPICON_NAME = AppIcon;
				CODE_SIGN_STYLE = Automatic;
				INFOPLIST_FILE = "$(SRCROOT)/iTunes Search/Resources/Info.plist";
				LD_RUNPATH_SEARCH_PATHS = (
					"$(inherited)",
					"@executable_path/Frameworks",
				);
				PRODUCT_BUNDLE_IDENTIFIER = "com.LambdaSchool.iTunes-Search";
				PRODUCT_NAME = "$(TARGET_NAME)";
				SWIFT_VERSION = 4.0;
				TARGETED_DEVICE_FAMILY = "1,2";
			};
			name = Debug;
		};
		46BF023B2117D59700A24DE5 /* Release */ = {
			isa = XCBuildConfiguration;
			buildSettings = {
				ASSETCATALOG_COMPILER_APPICON_NAME = AppIcon;
				CODE_SIGN_STYLE = Automatic;
				INFOPLIST_FILE = "$(SRCROOT)/iTunes Search/Resources/Info.plist";
				LD_RUNPATH_SEARCH_PATHS = (
					"$(inherited)",
					"@executable_path/Frameworks",
				);
				PRODUCT_BUNDLE_IDENTIFIER = "com.LambdaSchool.iTunes-Search";
				PRODUCT_NAME = "$(TARGET_NAME)";
				SWIFT_VERSION = 4.0;
				TARGETED_DEVICE_FAMILY = "1,2";
			};
			name = Release;
		};
/* End XCBuildConfiguration section */

/* Begin XCConfigurationList section */
		46BF02222117D59500A24DE5 /* Build configuration list for PBXProject "iTunes Search" */ = {
			isa = XCConfigurationList;
			buildConfigurations = (
				46BF02372117D59700A24DE5 /* Debug */,
				46BF02382117D59700A24DE5 /* Release */,
			);
			defaultConfigurationIsVisible = 0;
			defaultConfigurationName = Release;
		};
		46BF02392117D59700A24DE5 /* Build configuration list for PBXNativeTarget "iTunes Search" */ = {
			isa = XCConfigurationList;
			buildConfigurations = (
				46BF023A2117D59700A24DE5 /* Debug */,
				46BF023B2117D59700A24DE5 /* Release */,
			);
			defaultConfigurationIsVisible = 0;
			defaultConfigurationName = Release;
		};
/* End XCConfigurationList section */
	};
	rootObject = 46BF021F2117D59500A24DE5 /* Project object */;
}
